# THIS IS AN AUTOGENERATED FILE. DO NOT EDIT THIS FILE DIRECTLY.
# yarn lockfile v1


"@lezer/common@^0.15.0", "@lezer/common@^0.15.7":
  version "0.15.12"
  resolved "https://registry.yarnpkg.com/@lezer/common/-/common-0.15.12.tgz#2f21aec551dd5fd7d24eb069f90f54d5bc6ee5e9"
  integrity sha512-edfwCxNLnzq5pBA/yaIhwJ3U3Kz8VAUOTRg0hhxaizaI1N+qxV7EXDv/kLCkLeq2RzSFvxexlaj5Mzfn2kY0Ig==

"@lezer/lr@^0.15.4":
  version "0.15.8"
  resolved "https://registry.yarnpkg.com/@lezer/lr/-/lr-0.15.8.tgz#1564a911e62b0a0f75ca63794a6aa8c5dc63db21"
  integrity sha512-bM6oE6VQZ6hIFxDNKk8bKPa14hqFrV07J/vHGOeiAbJReIaQXmkVb6xQu4MR+JBTLa5arGRyAAjJe1qaQt3Uvg==
  dependencies:
    "@lezer/common" "^0.15.0"

"@lmdb/lmdb-darwin-arm64@2.5.2":
  version "2.5.2"
  resolved "https://registry.yarnpkg.com/@lmdb/lmdb-darwin-arm64/-/lmdb-darwin-arm64-2.5.2.tgz#bc66fa43286b5c082e8fee0eacc17995806b6fbe"
  integrity sha512-+F8ioQIUN68B4UFiIBYu0QQvgb9FmlKw2ctQMSBfW2QBrZIxz9vD9jCGqTCPqZBRbPHAS/vG1zSXnKqnS2ch/A==

"@lmdb/lmdb-darwin-x64@2.5.2":
  version "2.5.2"
  resolved "https://registry.yarnpkg.com/@lmdb/lmdb-darwin-x64/-/lmdb-darwin-x64-2.5.2.tgz#89d8390041bce6bab24a82a20392be22faf54ffc"
  integrity sha512-KvPH56KRLLx4KSfKBx0m1r7GGGUMXm0jrKmNE7plbHlesZMuPJICtn07HYgQhj1LNsK7Yqwuvnqh1QxhJnF1EA==

"@lmdb/lmdb-linux-arm64@2.5.2":
  version "2.5.2"
  resolved "https://registry.yarnpkg.com/@lmdb/lmdb-linux-arm64/-/lmdb-linux-arm64-2.5.2.tgz#14fe4c96c2bb1285f93797f45915fa35ee047268"
  integrity sha512-aLl89VHL/wjhievEOlPocoefUyWdvzVrcQ/MHQYZm2JfV1jUsrbr/ZfkPPUFvZBf+VSE+Q0clWs9l29PCX1hTQ==

"@lmdb/lmdb-linux-arm@2.5.2":
  version "2.5.2"
  resolved "https://registry.yarnpkg.com/@lmdb/lmdb-linux-arm/-/lmdb-linux-arm-2.5.2.tgz#05bde4573ab10cf21827339fe687148f2590cfa1"
  integrity sha512-5kQAP21hAkfW5Bl+e0P57dV4dGYnkNIpR7f/GAh6QHlgXx+vp/teVj4PGRZaKAvt0GX6++N6hF8NnGElLDuIDw==

"@lmdb/lmdb-linux-x64@2.5.2":
  version "2.5.2"
  resolved "https://registry.yarnpkg.com/@lmdb/lmdb-linux-x64/-/lmdb-linux-x64-2.5.2.tgz#d2f85afd857d2c33d2caa5b057944574edafcfee"
  integrity sha512-xUdUfwDJLGjOUPH3BuPBt0NlIrR7f/QHKgu3GZIXswMMIihAekj2i97oI0iWG5Bok/b+OBjHPfa8IU9velnP/Q==

"@lmdb/lmdb-win32-x64@2.5.2":
  version "2.5.2"
  resolved "https://registry.yarnpkg.com/@lmdb/lmdb-win32-x64/-/lmdb-win32-x64-2.5.2.tgz#28f643fbc0bec30b07fbe95b137879b6b4d1c9c5"
  integrity sha512-zrBczSbXKxEyK2ijtbRdICDygRqWSRPpZMN5dD1T8VMEW5RIhIbwFWw2phDRXuBQdVDpSjalCIUMWMV2h3JaZA==

"@mischnic/json-sourcemap@^0.1.0":
  version "0.1.0"
  resolved "https://registry.yarnpkg.com/@mischnic/json-sourcemap/-/json-sourcemap-0.1.0.tgz#38af657be4108140a548638267d02a2ea3336507"
  integrity sha512-dQb3QnfNqmQNYA4nFSN/uLaByIic58gOXq4Y4XqLOWmOrw73KmJPt/HLyG0wvn1bnR6mBKs/Uwvkh+Hns1T0XA==
  dependencies:
    "@lezer/common" "^0.15.7"
    "@lezer/lr" "^0.15.4"
    json5 "^2.2.1"

"@msgpackr-extract/msgpackr-extract-darwin-arm64@2.1.2":
  version "2.1.2"
  resolved "https://registry.yarnpkg.com/@msgpackr-extract/msgpackr-extract-darwin-arm64/-/msgpackr-extract-darwin-arm64-2.1.2.tgz#9571b87be3a3f2c46de05585470bc4f3af2f6f00"
  integrity sha512-TyVLn3S/+ikMDsh0gbKv2YydKClN8HaJDDpONlaZR+LVJmsxLFUgA+O7zu59h9+f9gX1aj/ahw9wqa6rosmrYQ==

"@msgpackr-extract/msgpackr-extract-darwin-x64@2.1.2":
  version "2.1.2"
  resolved "https://registry.yarnpkg.com/@msgpackr-extract/msgpackr-extract-darwin-x64/-/msgpackr-extract-darwin-x64-2.1.2.tgz#bfbc6936ede2955218f5621a675679a5fe8e6f4c"
  integrity sha512-YPXtcVkhmVNoMGlqp81ZHW4dMxK09msWgnxtsDpSiZwTzUBG2N+No2bsr7WMtBKCVJMSD6mbAl7YhKUqkp/Few==

"@msgpackr-extract/msgpackr-extract-linux-arm64@2.1.2":
  version "2.1.2"
  resolved "https://registry.yarnpkg.com/@msgpackr-extract/msgpackr-extract-linux-arm64/-/msgpackr-extract-linux-arm64-2.1.2.tgz#22555e28382af2922e7450634c8a2f240bb9eb82"
  integrity sha512-vHZ2JiOWF2+DN9lzltGbhtQNzDo8fKFGrf37UJrgqxU0yvtERrzUugnfnX1wmVfFhSsF8OxrfqiNOUc5hko1Zg==

"@msgpackr-extract/msgpackr-extract-linux-arm@2.1.2":
  version "2.1.2"
  resolved "https://registry.yarnpkg.com/@msgpackr-extract/msgpackr-extract-linux-arm/-/msgpackr-extract-linux-arm-2.1.2.tgz#ffb6ae1beea7ac572b6be6bf2a8e8162ebdd8be7"
  integrity sha512-42R4MAFeIeNn+L98qwxAt360bwzX2Kf0ZQkBBucJ2Ircza3asoY4CDbgiu9VWklq8gWJVSJSJBwDI+c/THiWkA==

"@msgpackr-extract/msgpackr-extract-linux-x64@2.1.2":
  version "2.1.2"
  resolved "https://registry.yarnpkg.com/@msgpackr-extract/msgpackr-extract-linux-x64/-/msgpackr-extract-linux-x64-2.1.2.tgz#7caf62eebbfb1345de40f75e89666b3d4194755f"
  integrity sha512-RjRoRxg7Q3kPAdUSC5EUUPlwfMkIVhmaRTIe+cqHbKrGZ4M6TyCA/b5qMaukQ/1CHWrqYY2FbKOAU8Hg0pQFzg==

"@msgpackr-extract/msgpackr-extract-win32-x64@2.1.2":
  version "2.1.2"
  resolved "https://registry.yarnpkg.com/@msgpackr-extract/msgpackr-extract-win32-x64/-/msgpackr-extract-win32-x64-2.1.2.tgz#f2d8b9ddd8d191205ed26ce54aba3dfc5ae3e7c9"
  integrity sha512-rIZVR48zA8hGkHIK7ED6+ZiXsjRCcAVBJbm8o89OKAMTmEAQ2QvoOxoiu3w2isAaWwzgtQIOFIqHwvZDyLKCvw==

"@parcel/cache@2.7.0":
  version "2.7.0"
  resolved "https://registry.yarnpkg.com/@parcel/cache/-/cache-2.7.0.tgz#cc4b99685c7ff0fc20fbc321f4b6850d6e0c6811"
  integrity sha512-JlXNoZXcWzLKdDlfeF3dIj5Vtel5T9vtdBN72PJ+cjC4qNHk4Uwvc5sfOBELuibGN0bVu2bwY9nUgSwCiB1iIA==
  dependencies:
    "@parcel/fs" "2.7.0"
    "@parcel/logger" "2.7.0"
    "@parcel/utils" "2.7.0"
    lmdb "2.5.2"

"@parcel/codeframe@2.7.0":
  version "2.7.0"
  resolved "https://registry.yarnpkg.com/@parcel/codeframe/-/codeframe-2.7.0.tgz#b6e4ad6100938edbed1b6c72b37f609e1abaf931"
  integrity sha512-UTKx0jejJmmO1dwTHSJuRgrO8N6PMlkxRT6sew8N6NC3Bgv6pu0EbO+RtlWt/jCvzcdLOPdIoTzj4MMZvgcMYg==
  dependencies:
    chalk "^4.1.0"

"@parcel/core@^2.7.0":
  version "2.7.0"
  resolved "https://registry.yarnpkg.com/@parcel/core/-/core-2.7.0.tgz#3310f48230bd618735f199f159f37e6b45ed2710"
  integrity sha512-7yKZUdh314Q/kU/9+27ZYTfcnXS6VYHuG+iiUlIohnvUUybxLqVJhdMU9Q+z2QcPka1IdJWz4K4Xx0y6/4goyg==
  dependencies:
    "@mischnic/json-sourcemap" "^0.1.0"
    "@parcel/cache" "2.7.0"
    "@parcel/diagnostic" "2.7.0"
    "@parcel/events" "2.7.0"
    "@parcel/fs" "2.7.0"
    "@parcel/graph" "2.7.0"
    "@parcel/hash" "2.7.0"
    "@parcel/logger" "2.7.0"
    "@parcel/package-manager" "2.7.0"
    "@parcel/plugin" "2.7.0"
    "@parcel/source-map" "^2.0.0"
    "@parcel/types" "2.7.0"
    "@parcel/utils" "2.7.0"
    "@parcel/workers" "2.7.0"
    abortcontroller-polyfill "^1.1.9"
    base-x "^3.0.8"
    browserslist "^4.6.6"
    clone "^2.1.1"
    dotenv "^7.0.0"
    dotenv-expand "^5.1.0"
    json5 "^2.2.0"
    msgpackr "^1.5.4"
    nullthrows "^1.1.1"
    semver "^5.7.1"

"@parcel/diagnostic@2.7.0":
  version "2.7.0"
  resolved "https://registry.yarnpkg.com/@parcel/diagnostic/-/diagnostic-2.7.0.tgz#cf2596a20ce9277334616e12bbdac98490189e99"
  integrity sha512-pdq/cTwVoL0n8yuDCRXFRSQHVWdmmIXPt3R3iT4KtYDYvOrMT2dLPT79IMqQkhYPANW8GuL15n/WxRngfRdkug==
  dependencies:
    "@mischnic/json-sourcemap" "^0.1.0"
    nullthrows "^1.1.1"

"@parcel/events@2.7.0":
  version "2.7.0"
  resolved "https://registry.yarnpkg.com/@parcel/events/-/events-2.7.0.tgz#b6db8464d45626686134d412d3a36d024ffb1482"
  integrity sha512-kQDwMKgZ1U4M/G17qeDYF6bW5kybluN6ajYPc7mZcrWg+trEI/oXi81GMFaMX0BSUhwhbiN5+/Vb2wiG/Sn6ig==

"@parcel/fs-search@2.7.0":
  version "2.7.0"
  resolved "https://registry.yarnpkg.com/@parcel/fs-search/-/fs-search-2.7.0.tgz#15e658006039ddc7b92528df5266ee2b9c47b6a4"
  integrity sha512-K1Hv25bnRpwQVA15RvcRuB8ZhfclnCHA8N8L6w7Ul1ncSJDxCIkIAc5hAubYNNYW3kWjCC2SOaEgFKnbvMllEQ==
  dependencies:
    detect-libc "^1.0.3"

"@parcel/fs@2.7.0", "@parcel/fs@^2.7.0":
  version "2.7.0"
  resolved "https://registry.yarnpkg.com/@parcel/fs/-/fs-2.7.0.tgz#c9a0c60bdbef7101ff47f2db6b23814c3db06007"
  integrity sha512-PU5fo4Hh8y03LZgemgVREttc0wyHQUNmsJCybxTB7EjJie2CqJRumo+DFppArlvdchLwJdc9em03yQV/GNWrEg==
  dependencies:
    "@parcel/fs-search" "2.7.0"
    "@parcel/types" "2.7.0"
    "@parcel/utils" "2.7.0"
    "@parcel/watcher" "^2.0.0"
    "@parcel/workers" "2.7.0"

"@parcel/graph@2.7.0":
  version "2.7.0"
  resolved "https://registry.yarnpkg.com/@parcel/graph/-/graph-2.7.0.tgz#2ae326c62764aaa53324b89d9c83ec0bc6ad55bf"
  integrity sha512-Q6E94GS6q45PtsZh+m+gvFRp/N1Qopxhu2sxjcWsGs5iBd6IWn2oYLWOH5iVzEjWuYpW2HkB08lH6J50O63uOA==
  dependencies:
    "@parcel/utils" "2.7.0"
    nullthrows "^1.1.1"

"@parcel/hash@2.7.0":
  version "2.7.0"
  resolved "https://registry.yarnpkg.com/@parcel/hash/-/hash-2.7.0.tgz#8825cff69a0bc4816737415e6e2aa29e8671c0b1"
  integrity sha512-k6bSKnIlPJMPU3yjQzfgfvF9zuJZGOAlJgzpL4BbWvdbE8BTdjzLcFn0Ujrtud94EgIkiXd22sC2HpCUWoHGdA==
  dependencies:
    detect-libc "^1.0.3"
    xxhash-wasm "^0.4.2"

"@parcel/logger@2.7.0":
  version "2.7.0"
  resolved "https://registry.yarnpkg.com/@parcel/logger/-/logger-2.7.0.tgz#1aa1de0458bdd613714ce4031134d92135aec590"
  integrity sha512-qjMY/bYo38+o+OiIrTRldU9CwL1E7J72t+xkTP8QIcUxLWz5LYR0YbynZUVulmBSfqsykjjxCy4a+8siVr+lPw==
  dependencies:
    "@parcel/diagnostic" "2.7.0"
    "@parcel/events" "2.7.0"

"@parcel/markdown-ansi@2.7.0":
  version "2.7.0"
  resolved "https://registry.yarnpkg.com/@parcel/markdown-ansi/-/markdown-ansi-2.7.0.tgz#4ba70e3661ce06cd8fd2eb3f7b84028853a586e4"
  integrity sha512-ipOX0D6FVZFEXeb/z8MnTMq2RQEIuaILY90olVIuHEFLHHfOPEn+RK3u13HA1ChF5/9E3cMD79tu6x9JL9Kqag==
  dependencies:
    chalk "^4.1.0"

"@parcel/package-manager@2.7.0":
  version "2.7.0"
  resolved "https://registry.yarnpkg.com/@parcel/package-manager/-/package-manager-2.7.0.tgz#5de1bf5c94d95330e98dffb2a66c22d1f20c4c8a"
  integrity sha512-wmfSX1mRrTi8MeA4KrnPk/x7zGUsILCQmTo6lA4gygzAxDbM1pGuyFN8/Kt0y0SFO2lbljARtD/4an5qdotH+Q==
  dependencies:
    "@parcel/diagnostic" "2.7.0"
    "@parcel/fs" "2.7.0"
    "@parcel/logger" "2.7.0"
    "@parcel/types" "2.7.0"
    "@parcel/utils" "2.7.0"
    "@parcel/workers" "2.7.0"
    semver "^5.7.1"

"@parcel/plugin@2.7.0":
  version "2.7.0"
  resolved "https://registry.yarnpkg.com/@parcel/plugin/-/plugin-2.7.0.tgz#0211281025d02afbc5a23fba237b7aae02e34e51"
  integrity sha512-qqgx+nnMn6/0lRc4lKbLGmhNtBiT93S2gFNB4Eb4Pfz/SxVYoW+fmml+KdfOSiZffWOAH5L6NwhyD7N8aSikzw==
  dependencies:
    "@parcel/types" "2.7.0"

"@parcel/source-map@^2.0.0":
  version "2.1.1"
  resolved "https://registry.yarnpkg.com/@parcel/source-map/-/source-map-2.1.1.tgz#fb193b82dba6dd62cc7a76b326f57bb35000a782"
  integrity sha512-Ejx1P/mj+kMjQb8/y5XxDUn4reGdr+WyKYloBljpppUy8gs42T+BNoEOuRYqDVdgPc6NxduzIDoJS9pOFfV5Ew==
  dependencies:
    detect-libc "^1.0.3"

"@parcel/types@2.7.0":
  version "2.7.0"
  resolved "https://registry.yarnpkg.com/@parcel/types/-/types-2.7.0.tgz#c89e95964339324c1931ef7a17906a72291d6b73"
  integrity sha512-+dhXVUnseTCpJvBTGMp0V6X13z6O/A/+CUtwEpMGZ8XSmZ4Gk44GvaTiBOp0bJpWG4fvCKp+UmC8PYbrDiiziw==
  dependencies:
    "@parcel/cache" "2.7.0"
    "@parcel/diagnostic" "2.7.0"
    "@parcel/fs" "2.7.0"
    "@parcel/package-manager" "2.7.0"
    "@parcel/source-map" "^2.0.0"
    "@parcel/workers" "2.7.0"
    utility-types "^3.10.0"

"@parcel/utils@2.7.0":
  version "2.7.0"
  resolved "https://registry.yarnpkg.com/@parcel/utils/-/utils-2.7.0.tgz#f795d0f43efdd449ab0bbfac3632cd7f3ec0e4dd"
  integrity sha512-jNZ5bIGg1r1RDRKi562o4kuVwnz+XJ2Ie3b0Zwrqwvgfj6AbRFIKzDd+h85dWWmcDYzKUbHp11u6VJl1u8Vapg==
  dependencies:
    "@parcel/codeframe" "2.7.0"
    "@parcel/diagnostic" "2.7.0"
    "@parcel/hash" "2.7.0"
    "@parcel/logger" "2.7.0"
    "@parcel/markdown-ansi" "2.7.0"
    "@parcel/source-map" "^2.0.0"
    chalk "^4.1.0"

"@parcel/watcher@^2.0.0":
  version "2.0.5"
  resolved "https://registry.yarnpkg.com/@parcel/watcher/-/watcher-2.0.5.tgz#f913a54e1601b0aac972803829b0eece48de215b"
  integrity sha512-x0hUbjv891omnkcHD7ZOhiyyUqUUR6MNjq89JhEI3BxppeKWAm6NPQsqqRrAkCJBogdT/o/My21sXtTI9rJIsw==
  dependencies:
    node-addon-api "^3.2.1"
    node-gyp-build "^4.3.0"

"@parcel/workers@2.7.0":
  version "2.7.0"
  resolved "https://registry.yarnpkg.com/@parcel/workers/-/workers-2.7.0.tgz#d74955d361337127227912a5ab26cb3079ebfc78"
  integrity sha512-99VfaOX+89+RaoTSyH9ZQtkMBFZBFMvJmVJ/GeJT6QCd2wtKBStTHlaSnQOkLD/iRjJCNwV2xpZmm8YkTwV+hg==
  dependencies:
    "@parcel/diagnostic" "2.7.0"
    "@parcel/logger" "2.7.0"
    "@parcel/types" "2.7.0"
    "@parcel/utils" "2.7.0"
    chrome-trace-event "^1.0.2"
    nullthrows "^1.1.1"

"@point-n-click/engine@^1.0.0-alpha.0":
  version "1.0.0-alpha.0"
  resolved "https://registry.yarnpkg.com/@point-n-click/engine/-/engine-1.0.0-alpha.0.tgz#7286335248b5835abb8a950f2a1d92dabc374747"
  integrity sha512-ZAZrKMaRxcrg8Q3kib+vz8k9cx9GaG5K5bPTCDBFMkpvCs4HYwDb4MSnDYphTkkuRwjgaAI1/jTQGJZmxTUM8w==
  dependencies:
    "@point-n-click/state" "^1.0.0-alpha.0"
    "@point-n-click/types" "^1.0.0-alpha.1"
    immer "^9.0.15"

"@point-n-click/state@^1.0.0-alpha.0":
  version "1.0.0-alpha.0"
  resolved "https://registry.yarnpkg.com/@point-n-click/state/-/state-1.0.0-alpha.0.tgz#417f78e362fac78031a513088449dd6a7ed606ce"
  integrity sha512-8yB5Ah9O7mQJ3SUPV2JyfCyLX0vvKnjMhzTRE61NPsLI5+1iA6LtDDtWcwvyNO96lcltE6XjJ75obvUBHc+w9A==

"@point-n-click/theme-cli@1.0.0-alpha.0":
  version "1.0.0-alpha.0"
  resolved "https://registry.yarnpkg.com/@point-n-click/theme-cli/-/theme-cli-1.0.0-alpha.0.tgz#464cc098135f00e68426dea71110ef6f3931a992"
  integrity sha512-urr9LY+KEjQitvO+4JpTqn6+ssD/euoj4l5b7QwAuy+wsQpoLSdI/TS1NzySHFB1fanCUkoN3dSy4FOgQF3uSg==
  dependencies:
    "@point-n-click/engine" "^1.0.0-alpha.0"
    "@point-n-click/state" "^1.0.0-alpha.0"
    "@point-n-click/themes" "^1.0.0-alpha.0"
    "@point-n-click/types" "^1.0.0-alpha.1"

"@point-n-click/themes@^1.0.0-alpha.0":
  version "1.0.0-alpha.0"
  resolved "https://registry.yarnpkg.com/@point-n-click/themes/-/themes-1.0.0-alpha.0.tgz#8ef6137b31c15ee575b143ca1ebfb03b2a8e617f"
  integrity sha512-84rapjCbZPxh2J0yqf2eARpV0jRflSe7acwkxOcpTMxzvzc4388yuaezkbQLyVm6AoMjU1PKrD6lNvNdTRF/cA==
  dependencies:
    "@types/react" "^18.0.21"

"@point-n-click/types@^1.0.0-alpha.1":
  version "1.0.0-alpha.1"
  resolved "https://registry.yarnpkg.com/@point-n-click/types/-/types-1.0.0-alpha.1.tgz#63cf5ae159330266124990f590780b817179f3f6"
  integrity sha512-iIYWWZfq60TMQD9JbGlv7+wKKQBXQxCk3O7cWE96NUuiGxnpvVmTbVS91oRpo86UNM3ZLoLQZAor92bRAJhYDQ==

"@tanstack/query-core@4.13.4":
  version "4.13.4"
  resolved "https://registry.yarnpkg.com/@tanstack/query-core/-/query-core-4.13.4.tgz#77043e066586359eca40859803acc4a44e2a2dc8"
  integrity sha512-DMIy6tgGehYoRUFyoR186+pQspOicyZNSGvBWxPc2CinHjWOQ7DPnGr9zmn/kE9xK4Zd3GXd25Nj3X20+TF6Lw==

"@tanstack/react-query@^4.10.3":
  version "4.13.4"
  resolved "https://registry.yarnpkg.com/@tanstack/react-query/-/react-query-4.13.4.tgz#6264e5513245a8cbec1195ba6ed9647d9230a520"
  integrity sha512-OHkUulPorHDiWNcUrcSUNxedeZ28z9kCKRG3JY+aJ8dFH/o4fixtac4ys0lwCP/n/VL1XMPnu+/CXEhbXHyJZA==
  dependencies:
    "@tanstack/query-core" "4.13.4"
    use-sync-external-store "^1.2.0"

"@types/prop-types@*":
  version "15.7.5"
  resolved "https://registry.yarnpkg.com/@types/prop-types/-/prop-types-15.7.5.tgz#5f19d2b85a98e9558036f6a3cacc8819420f05cf"
  integrity sha512-JCB8C6SnDoQf0cNycqd/35A7MjcnK+ZTqE7judS6o7utxUCg6imJg3QK2qzHKszlTjcj2cn+NwMB2i96ubpj7w==

"@types/react@^18.0.21":
  version "18.0.24"
  resolved "https://registry.yarnpkg.com/@types/react/-/react-18.0.24.tgz#2f79ed5b27f08d05107aab45c17919754cc44c20"
  integrity sha512-wRJWT6ouziGUy+9uX0aW4YOJxAY0bG6/AOk5AW5QSvZqI7dk6VBIbXvcVgIw/W5Jrl24f77df98GEKTJGOLx7Q==
  dependencies:
    "@types/prop-types" "*"
    "@types/scheduler" "*"
    csstype "^3.0.2"

"@types/scheduler@*":
  version "0.16.2"
  resolved "https://registry.yarnpkg.com/@types/scheduler/-/scheduler-0.16.2.tgz#1a62f89525723dde24ba1b01b092bf5df8ad4d39"
  integrity sha512-hppQEBDmlwhFAXKJX2KnWLYu5yMfi91yazPb2l+lbJiwW+wdo1gNeRA+3RgNSO39WYX2euey41KEwnqesU2Jew==

abortcontroller-polyfill@^1.1.9:
  version "1.7.5"
  resolved "https://registry.yarnpkg.com/abortcontroller-polyfill/-/abortcontroller-polyfill-1.7.5.tgz#6738495f4e901fbb57b6c0611d0c75f76c485bed"
  integrity sha512-JMJ5soJWP18htbbxJjG7bG6yuI6pRhgJ0scHHTfkUjf6wjP912xZWvM+A4sJK3gqd9E8fcPbDnOefbA9Th/FIQ==

ansi-styles@^4.1.0:
  version "4.3.0"
  resolved "https://registry.yarnpkg.com/ansi-styles/-/ansi-styles-4.3.0.tgz#edd803628ae71c04c85ae7a0906edad34b648937"
  integrity sha512-zbB9rCJAT1rbjiVDb2hqKFHNYLxgtk8NURxZ3IZwD3F6NtxbXZQCnnSi1Lkx+IDohdPlFp222wVALIheZJQSEg==
  dependencies:
    color-convert "^2.0.1"

base-x@^3.0.8:
  version "3.0.9"
  resolved "https://registry.yarnpkg.com/base-x/-/base-x-3.0.9.tgz#6349aaabb58526332de9f60995e548a53fe21320"
  integrity sha512-H7JU6iBHTal1gp56aKoaa//YUxEaAOUiydvrV/pILqIHXTtqxSkATOnDA2u+jZ/61sD+L/412+7kzXRtWukhpQ==
  dependencies:
    safe-buffer "^5.0.1"

browserslist@^4.6.6:
  version "4.21.4"
  resolved "https://registry.yarnpkg.com/browserslist/-/browserslist-4.21.4.tgz#e7496bbc67b9e39dd0f98565feccdcb0d4ff6987"
  integrity sha512-CBHJJdDmgjl3daYjN5Cp5kbTf1mUhZoS+beLklHIvkOWscs83YAhLlF3Wsh/lciQYAcbBJgTOD44VtG31ZM4Hw==
  dependencies:
    caniuse-lite "^1.0.30001400"
    electron-to-chromium "^1.4.251"
    node-releases "^2.0.6"
    update-browserslist-db "^1.0.9"

caniuse-lite@^1.0.30001400:
  version "1.0.30001427"
  resolved "https://registry.yarnpkg.com/caniuse-lite/-/caniuse-lite-1.0.30001427.tgz#d3a749f74be7ae0671fbec3a4eea18576e8ad646"
  integrity sha512-lfXQ73oB9c8DP5Suxaszm+Ta2sr/4tf8+381GkIm1MLj/YdLf+rEDyDSRCzeltuyTVGm+/s18gdZ0q+Wmp8VsQ==

chalk@^4.1.0:
  version "4.1.2"
  resolved "https://registry.yarnpkg.com/chalk/-/chalk-4.1.2.tgz#aac4e2b7734a740867aeb16bf02aad556a1e7a01"
  integrity sha512-oKnbhFyRIXpUuez8iBMmyEa4nbj4IOQyuhc/wy9kY7/WVPcwIO9VA668Pu8RkO7+0G76SLROeyw9CpQ061i4mA==
  dependencies:
    ansi-styles "^4.1.0"
    supports-color "^7.1.0"

chrome-trace-event@^1.0.2:
  version "1.0.3"
  resolved "https://registry.yarnpkg.com/chrome-trace-event/-/chrome-trace-event-1.0.3.tgz#1015eced4741e15d06664a957dbbf50d041e26ac"
  integrity sha512-p3KULyQg4S7NIHixdwbGX+nFHkoBiA4YQmyWtjb8XngSKV124nJmRysgAeujbUVb15vh+RvFUfCPqU7rXk+hZg==

clone@^2.1.1:
  version "2.1.2"
  resolved "https://registry.yarnpkg.com/clone/-/clone-2.1.2.tgz#1b7f4b9f591f1e8f83670401600345a02887435f"
  integrity sha512-3Pe/CF1Nn94hyhIYpjtiLhdCoEoz0DqQ+988E9gmeEdQZlojxnOb74wctFyuwWQHzqyf9X7C7MG8juUpqBJT8w==

color-convert@^2.0.1:
  version "2.0.1"
  resolved "https://registry.yarnpkg.com/color-convert/-/color-convert-2.0.1.tgz#72d3a68d598c9bdb3af2ad1e84f21d896abd4de3"
  integrity sha512-RRECPsj7iu/xb5oKYcsFHSppFNnsj/52OVTRKb4zP5onXwVF3zVmmToNcOfGC+CRDpfK/U584fMg38ZHCaElKQ==
  dependencies:
    color-name "~1.1.4"

color-name@~1.1.4:
  version "1.1.4"
  resolved "https://registry.yarnpkg.com/color-name/-/color-name-1.1.4.tgz#c2a09a87acbde69543de6f63fa3995c826c536a2"
  integrity sha512-dOy+3AuW3a2wNbZHIuMZpTcgjGuLU/uBL/ubcZF9OXbDo8ff4O8yVp5Bf0efS8uEoYo5q4Fx7dY9OgQGXgAsQA==

commander@^9.4.1:
  version "9.4.1"
  resolved "https://registry.yarnpkg.com/commander/-/commander-9.4.1.tgz#d1dd8f2ce6faf93147295c0df13c7c21141cfbdd"
  integrity sha512-5EEkTNyHNGFPD2H+c/dXXfQZYa/scCKasxWcXJaWnNJ99pnQN9Vnmqow+p+PlFPE63Q6mThaZws1T+HxfpgtPw==

csstype@^3.0.2:
  version "3.1.1"
  resolved "https://registry.yarnpkg.com/csstype/-/csstype-3.1.1.tgz#841b532c45c758ee546a11d5bd7b7b473c8c30b9"
  integrity sha512-DJR/VvkAvSZW9bTouZue2sSxDwdTN92uHjqeKVm+0dAqdfNykRzQ95tay8aXMBAAPpUiq4Qcug2L7neoRh2Egw==

detect-libc@^1.0.3:
  version "1.0.3"
  resolved "https://registry.yarnpkg.com/detect-libc/-/detect-libc-1.0.3.tgz#fa137c4bd698edf55cd5cd02ac559f91a4c4ba9b"
  integrity sha512-pGjwhsmsp4kL2RTz08wcOlGN83otlqHeD/Z5T8GXZB+/YcpQ/dgo+lbU8ZsGxV0HIvqqxo9l7mqYwyYMD9bKDg==

dotenv-expand@^5.1.0:
  version "5.1.0"
  resolved "https://registry.yarnpkg.com/dotenv-expand/-/dotenv-expand-5.1.0.tgz#3fbaf020bfd794884072ea26b1e9791d45a629f0"
  integrity sha512-YXQl1DSa4/PQyRfgrv6aoNjhasp/p4qs9FjJ4q4cQk+8m4r6k4ZSiEyytKG8f8W9gi8WsQtIObNmKd+tMzNTmA==

dotenv@^7.0.0:
  version "7.0.0"
  resolved "https://registry.yarnpkg.com/dotenv/-/dotenv-7.0.0.tgz#a2be3cd52736673206e8a85fb5210eea29628e7c"
  integrity sha512-M3NhsLbV1i6HuGzBUH8vXrtxOk+tWmzWKDMbAVSUp3Zsjm7ywFeuwrUXhmhQyRK1q5B5GGy7hcXPbj3bnfZg2g==

electron-to-chromium@^1.4.251:
  version "1.4.284"
  resolved "https://registry.yarnpkg.com/electron-to-chromium/-/electron-to-chromium-1.4.284.tgz#61046d1e4cab3a25238f6bf7413795270f125592"
  integrity sha512-M8WEXFuKXMYMVr45fo8mq0wUrrJHheiKZf6BArTKk9ZBYCKJEOU5H8cdWgDT+qCVZf7Na4lVUaZsA+h6uA9+PA==

escalade@^3.1.1:
  version "3.1.1"
  resolved "https://registry.yarnpkg.com/escalade/-/escalade-3.1.1.tgz#d8cfdc7000965c5a0174b4a82eaa5c0552742e40"
  integrity sha512-k0er2gUkLf8O0zKJiAhmkTnJlTvINGv7ygDNPbeIsX/TJjGJZHuh9B2UxbsaEkmlEo9MfhrSzmhIlhRlI2GXnw==

has-flag@^4.0.0:
  version "4.0.0"
  resolved "https://registry.yarnpkg.com/has-flag/-/has-flag-4.0.0.tgz#944771fd9c81c81265c4d6941860da06bb59479b"
  integrity sha512-EykJT/Q1KjTWctppgIAgfSO0tKVuZUjhgMr17kqTumMl6Afv3EISleU7qZUzoXDFTAHTDC4NOoG/ZxU3EvlMPQ==

immer@^9.0.15:
  version "9.0.16"
  resolved "https://registry.yarnpkg.com/immer/-/immer-9.0.16.tgz#8e7caab80118c2b54b37ad43e05758cdefad0198"
  integrity sha512-qenGE7CstVm1NrHQbMh8YaSzTZTFNP3zPqr3YU0S0UY441j4bJTg4A2Hh5KAhwgaiU6ZZ1Ar6y/2f4TblnMReQ==

"js-tokens@^3.0.0 || ^4.0.0":
  version "4.0.0"
  resolved "https://registry.yarnpkg.com/js-tokens/-/js-tokens-4.0.0.tgz#19203fb59991df98e3a287050d4647cdeaf32499"
  integrity sha512-RdJUflcE3cUzKiMqQgsCu06FPu9UdIJO0beYbPhHN4k6apgJtifcoCtT9bcxOpYBtpD2kCM6Sbzg4CausW/PKQ==

json5@^2.2.0, json5@^2.2.1:
  version "2.2.1"
  resolved "https://registry.yarnpkg.com/json5/-/json5-2.2.1.tgz#655d50ed1e6f95ad1a3caababd2b0efda10b395c"
  integrity sha512-1hqLFMSrGHRHxav9q9gNjJ5EXznIxGVO09xQRrwplcS8qs28pZ8s8hupZAmqDwZUmVZ2Qb2jnyPOWcDH8m8dlA==

lmdb@2.5.2:
  version "2.5.2"
  resolved "https://registry.yarnpkg.com/lmdb/-/lmdb-2.5.2.tgz#37e28a9fb43405f4dc48c44cec0e13a14c4a6ff1"
  integrity sha512-V5V5Xa2Hp9i2XsbDALkBTeHXnBXh/lEmk9p22zdr7jtuOIY9TGhjK6vAvTpOOx9IKU4hJkRWZxn/HsvR1ELLtA==
  dependencies:
    msgpackr "^1.5.4"
    node-addon-api "^4.3.0"
    node-gyp-build-optional-packages "5.0.3"
    ordered-binary "^1.2.4"
    weak-lru-cache "^1.2.2"
  optionalDependencies:
    "@lmdb/lmdb-darwin-arm64" "2.5.2"
    "@lmdb/lmdb-darwin-x64" "2.5.2"
    "@lmdb/lmdb-linux-arm" "2.5.2"
    "@lmdb/lmdb-linux-arm64" "2.5.2"
    "@lmdb/lmdb-linux-x64" "2.5.2"
    "@lmdb/lmdb-win32-x64" "2.5.2"

loose-envify@^1.1.0:
  version "1.4.0"
  resolved "https://registry.yarnpkg.com/loose-envify/-/loose-envify-1.4.0.tgz#71ee51fa7be4caec1a63839f7e682d8132d30caf"
  integrity sha512-lyuxPGr/Wfhrlem2CL/UcnUc1zcqKAImBDzukY7Y5F/yQiNdko6+fRLevlw1HgMySw7f611UIY408EtxRSoK3Q==
  dependencies:
    js-tokens "^3.0.0 || ^4.0.0"

msgpackr-extract@^2.1.2:
  version "2.1.2"
  resolved "https://registry.yarnpkg.com/msgpackr-extract/-/msgpackr-extract-2.1.2.tgz#56272030f3e163e1b51964ef8b1cd5e7240c03ed"
  integrity sha512-cmrmERQFb19NX2JABOGtrKdHMyI6RUyceaPBQ2iRz9GnDkjBWFjNJC0jyyoOfZl2U/LZE3tQCCQc4dlRyA8mcA==
  dependencies:
    node-gyp-build-optional-packages "5.0.3"
  optionalDependencies:
    "@msgpackr-extract/msgpackr-extract-darwin-arm64" "2.1.2"
    "@msgpackr-extract/msgpackr-extract-darwin-x64" "2.1.2"
    "@msgpackr-extract/msgpackr-extract-linux-arm" "2.1.2"
    "@msgpackr-extract/msgpackr-extract-linux-arm64" "2.1.2"
    "@msgpackr-extract/msgpackr-extract-linux-x64" "2.1.2"
    "@msgpackr-extract/msgpackr-extract-win32-x64" "2.1.2"

msgpackr@^1.5.4:
  version "1.7.2"
  resolved "https://registry.yarnpkg.com/msgpackr/-/msgpackr-1.7.2.tgz#68d6debf5999d6b61abb6e7046a689991ebf7261"
  integrity sha512-mWScyHTtG6TjivXX9vfIy2nBtRupaiAj0HQ2mtmpmYujAmqZmaaEVPaSZ1NKLMvicaMLFzEaMk0ManxMRg8rMQ==
  optionalDependencies:
    msgpackr-extract "^2.1.2"

node-addon-api@^3.2.1:
  version "3.2.1"
  resolved "https://registry.yarnpkg.com/node-addon-api/-/node-addon-api-3.2.1.tgz#81325e0a2117789c0128dab65e7e38f07ceba161"
  integrity sha512-mmcei9JghVNDYydghQmeDX8KoAm0FAiYyIcUt/N4nhyAipB17pllZQDOJD2fotxABnt4Mdz+dKTO7eftLg4d0A==

node-addon-api@^4.3.0:
  version "4.3.0"
  resolved "https://registry.yarnpkg.com/node-addon-api/-/node-addon-api-4.3.0.tgz#52a1a0b475193e0928e98e0426a0d1254782b77f"
  integrity sha512-73sE9+3UaLYYFmDsFZnqCInzPyh3MqIwZO9cw58yIqAZhONrrabrYyYe3TuIqtIiOuTXVhsGau8hcrhhwSsDIQ==

node-gyp-build-optional-packages@5.0.3:
  version "5.0.3"
  resolved "https://registry.yarnpkg.com/node-gyp-build-optional-packages/-/node-gyp-build-optional-packages-5.0.3.tgz#92a89d400352c44ad3975010368072b41ad66c17"
  integrity sha512-k75jcVzk5wnnc/FMxsf4udAoTEUv2jY3ycfdSd3yWu6Cnd1oee6/CfZJApyscA4FJOmdoixWwiwOyf16RzD5JA==

node-gyp-build@^4.3.0:
  version "4.5.0"
  resolved "https://registry.yarnpkg.com/node-gyp-build/-/node-gyp-build-4.5.0.tgz#7a64eefa0b21112f89f58379da128ac177f20e40"
  integrity sha512-2iGbaQBV+ITgCz76ZEjmhUKAKVf7xfY1sRl4UiKQspfZMH2h06SyhNsnSVy50cwkFQDGLyif6m/6uFXHkOZ6rg==

node-releases@^2.0.6:
  version "2.0.6"
  resolved "https://registry.yarnpkg.com/node-releases/-/node-releases-2.0.6.tgz#8a7088c63a55e493845683ebf3c828d8c51c5503"
  integrity sha512-PiVXnNuFm5+iYkLBNeq5211hvO38y63T0i2KKh2KnUs3RpzJ+JtODFjkD8yjLwnDkTYF1eKXheUwdssR+NRZdg==

nullthrows@^1.1.1:
  version "1.1.1"
  resolved "https://registry.yarnpkg.com/nullthrows/-/nullthrows-1.1.1.tgz#7818258843856ae971eae4208ad7d7eb19a431b1"
  integrity sha512-2vPPEi+Z7WqML2jZYddDIfy5Dqb0r2fze2zTxNNknZaFpVHU3mFB3R+DWeJWGVx0ecvttSGlJTI+WG+8Z4cDWw==

ordered-binary@^1.2.4:
  version "1.4.0"
  resolved "https://registry.yarnpkg.com/ordered-binary/-/ordered-binary-1.4.0.tgz#6bb53d44925f3b8afc33d1eed0fa15693b211389"
  integrity sha512-EHQ/jk4/a9hLupIKxTfUsQRej1Yd/0QLQs3vGvIqg5ZtCYSzNhkzHoZc7Zf4e4kUlDaC3Uw8Q/1opOLNN2OKRQ==

picocolors@^1.0.0:
  version "1.0.0"
  resolved "https://registry.yarnpkg.com/picocolors/-/picocolors-1.0.0.tgz#cb5bdc74ff3f51892236eaf79d68bc44564ab81c"
  integrity sha512-1fygroTLlHu66zi26VoTDv8yRgm0Fccecssto+MhsZ0D/DGW2sm8E8AjW7NU5VVTRt5GxbeZ5qBuJr+HyLYkjQ==

point-n-click@2.0.0-alpha.1:
  version "2.0.0-alpha.1"
  resolved "https://registry.yarnpkg.com/point-n-click/-/point-n-click-2.0.0-alpha.1.tgz#7b42bd96902b1c3fe2cf4f80b5f0d353dbe254cb"
  integrity sha512-9ehQswfbA+3SoBWE1qmlF33W7WiR7cCwMdhqBVjyLEcZQDO2iHCmmhpVRHItxqs+tN53JA87S5AgM4O51gCk3A==
  dependencies:
    "@parcel/core" "^2.7.0"
    "@parcel/fs" "^2.7.0"
    "@point-n-click/state" "^1.0.0-alpha.0"
    "@point-n-click/types" "^1.0.0-alpha.1"
    "@tanstack/react-query" "^4.10.3"
    commander "^9.4.1"
    immer "^9.0.15"
    react "^18.2.0"
    react-dom "^18.2.0"
    source-map "^0.7.4"

react-dom@^18.2.0:
  version "18.2.0"
  resolved "https://registry.yarnpkg.com/react-dom/-/react-dom-18.2.0.tgz#22aaf38708db2674ed9ada224ca4aa708d821e3d"
  integrity sha512-6IMTriUmvsjHUjNtEDudZfuDQUoWXVxKHhlEGSk81n4YFS+r/Kl99wXiwlVXtPBtJenozv2P+hxDsw9eA7Xo6g==
  dependencies:
    loose-envify "^1.1.0"
    scheduler "^0.23.0"

react@^18.2.0:
  version "18.2.0"
  resolved "https://registry.yarnpkg.com/react/-/react-18.2.0.tgz#555bd98592883255fa00de14f1151a917b5d77d5"
  integrity sha512-/3IjMdb2L9QbBdWiW5e3P2/npwMBaU9mHCSCUzNln0ZCYbcfTsGbTJrU/kGemdH2IWmB2ioZ+zkxtmq6g09fGQ==
  dependencies:
    loose-envify "^1.1.0"

safe-buffer@^5.0.1:
  version "5.2.1"
  resolved "https://registry.yarnpkg.com/safe-buffer/-/safe-buffer-5.2.1.tgz#1eaf9fa9bdb1fdd4ec75f58f9cdb4e6b7827eec6"
  integrity sha512-rp3So07KcdmmKbGvgaNxQSJr7bGVSVk5S9Eq1F+ppbRo70+YeaDxkw5Dd8NPN+GD6bjnYm2VuPuCXmpuYvmCXQ==

scheduler@^0.23.0:
  version "0.23.0"
  resolved "https://registry.yarnpkg.com/scheduler/-/scheduler-0.23.0.tgz#ba8041afc3d30eb206a487b6b384002e4e61fdfe"
  integrity sha512-CtuThmgHNg7zIZWAXi3AsyIzA3n4xx7aNyjwC2VJldO2LMVDhFK+63xGqq6CsJH4rTAt6/M+N4GhZiDYPx9eUw==
  dependencies:
    loose-envify "^1.1.0"

semver@^5.7.1:
  version "5.7.1"
  resolved "https://registry.yarnpkg.com/semver/-/semver-5.7.1.tgz#a954f931aeba508d307bbf069eff0c01c96116f7"
  integrity sha512-sauaDf/PZdVgrLTNYHRtpXa1iRiKcaebiKQ1BJdpQlWH2lCvexQdX55snPFyK7QzpudqbCI0qXFfOasHdyNDGQ==

source-map@^0.7.4:
  version "0.7.4"
  resolved "https://registry.yarnpkg.com/source-map/-/source-map-0.7.4.tgz#a9bbe705c9d8846f4e08ff6765acf0f1b0898656"
  integrity sha512-l3BikUxvPOcn5E74dZiq5BGsTb5yEwhaTSzccU6t4sDOH8NWJCstKO5QT2CvtFoK6F0saL7p9xHAqHOlCPJygA==

supports-color@^7.1.0:
  version "7.2.0"
  resolved "https://registry.yarnpkg.com/supports-color/-/supports-color-7.2.0.tgz#1b7dcdcb32b8138801b3e478ba6a51caa89648da"
  integrity sha512-qpCAvRl9stuOHveKsn7HncJRvv501qIacKzQlO/+Lwxc9+0q2wLyv4Dfvt80/DPn2pqOBsJdDiogXGR9+OvwRw==
  dependencies:
    has-flag "^4.0.0"

update-browserslist-db@^1.0.9:
  version "1.0.10"
  resolved "https://registry.yarnpkg.com/update-browserslist-db/-/update-browserslist-db-1.0.10.tgz#0f54b876545726f17d00cd9a2561e6dade943ff3"
  integrity sha512-OztqDenkfFkbSG+tRxBeAnCVPckDBcvibKd35yDONx6OU8N7sqgwc7rCbkJ/WcYtVRZ4ba68d6byhC21GFh7sQ==
  dependencies:
    escalade "^3.1.1"
    picocolors "^1.0.0"

use-sync-external-store@^1.2.0:
  version "1.2.0"
  resolved "https://registry.yarnpkg.com/use-sync-external-store/-/use-sync-external-store-1.2.0.tgz#7dbefd6ef3fe4e767a0cf5d7287aacfb5846928a"
  integrity sha512-eEgnFxGQ1Ife9bzYs6VLi8/4X6CObHMw9Qr9tPY43iKwsPw8xE8+EFsf/2cFZ5S3esXgpWgtSCtLNS41F+sKPA==

utility-types@^3.10.0:
  version "3.10.0"
  resolved "https://registry.yarnpkg.com/utility-types/-/utility-types-3.10.0.tgz#ea4148f9a741015f05ed74fd615e1d20e6bed82b"
  integrity sha512-O11mqxmi7wMKCo6HKFt5AhO4BwY3VV68YU07tgxfz8zJTIxr4BpsezN49Ffwy9j3ZpwwJp4fkRwjRzq3uWE6Rg==

weak-lru-cache@^1.2.2:
  version "1.2.2"
  resolved "https://registry.yarnpkg.com/weak-lru-cache/-/weak-lru-cache-1.2.2.tgz#fdbb6741f36bae9540d12f480ce8254060dccd19"
  integrity sha512-DEAoo25RfSYMuTGc9vPJzZcZullwIqRDSI9LOy+fkCJPi6hykCnfKaXTuPBDuXAUcqHXyOgFtHNp/kB2FjYHbw==

xxhash-wasm@^0.4.2:
  version "0.4.2"
  resolved "https://registry.yarnpkg.com/xxhash-wasm/-/xxhash-wasm-0.4.2.tgz#752398c131a4dd407b5132ba62ad372029be6f79"
  integrity sha512-/eyHVRJQCirEkSZ1agRSCwriMhwlyUcFkXD5TPVSLP+IPzjsqMVzZwdoczLp1SoQU0R3dxz1RpIK+4YNQbCVOA==
